{
  "pins" : [
    {
      "identity" : "transistor-background-fetch",
      "kind" : "remoteSourceControl",
      "location" : "https://github.com/transistorsoft/transistor-background-fetch.git",
      "state" : {
        "revision" : "34676021268c22c5cd356d9c96644aa0ee5fb68d",
        "version" : "4.1.1"
      }
    }
  ],
  "version" : 2
}
